
Microsoft Visual Studio Solution File, Format Version 12.00
# Visual Studio Version 17
VisualStudioVersion = 17.2.32526.322
MinimumVisualStudioVersion = 10.0.40219.1
Project("{FAE04EC0-301F-11D3-BF4B-00C04F79EFBC}") = "OdeToFood.Web", "OdeToFood.Web\OdeToFood.Web.csproj", "{3DE4EAA9-8149-480D-9D05-9102B15C30C7}"
EndProject
Project("{FAE04EC0-301F-11D3-BF4B-00C04F79EFBC}") = "OdeToFood.Data", "OdeToFood.Data\OdeToFood.Data.csproj", "{ED0C64EC-3F72-4732-99B2-7AC8DB2C6592}"
EndProject
Global
	GlobalSection(SolutionConfigurationPlatforms) = preSolution
		Debug|Any CPU = Debug|Any CPU
		Release|Any CPU = Release|Any CPU
	EndGlobalSection
	GlobalSection(ProjectConfigurationPlatforms) = postSolution
		{3DE4EAA9-8149-480D-9D05-9102B15C30C7}.Debug|Any CPU.ActiveCfg = Debug|Any CPU
		{3DE4EAA9-8149-480D-9D05-9102B15C30C7}.Debug|Any CPU.Build.0 = Debug|Any CPU
		{3DE4EAA9-8149-480D-9D05-9102B15C30C7}.Release|Any CPU.ActiveCfg = Release|Any CPU
		{3DE4EAA9-8149-480D-9D05-9102B15C30C7}.Release|Any CPU.Build.0 = Release|Any CPU
		{ED0C64EC-3F72-4732-99B2-7AC8DB2C6592}.Debug|Any CPU.ActiveCfg = Debug|Any CPU
		{ED0C64EC-3F72-4732-99B2-7AC8DB2C6592}.Debug|Any CPU.Build.0 = Debug|Any CPU
		{ED0C64EC-3F72-4732-99B2-7AC8DB2C6592}.Release|Any CPU.ActiveCfg = Release|Any CPU
		{ED0C64EC-3F72-4732-99B2-7AC8DB2C6592}.Release|Any CPU.Build.0 = Release|Any CPU
	EndGlobalSection
	GlobalSection(SolutionProperties) = preSolution
		HideSolutionNode = FALSE
	EndGlobalSection
	GlobalSection(ExtensibilityGlobals) = postSolution
		SolutionGuid = {2706F7E2-5A73-4E35-9F0C-9690A44FB92A}
	EndGlobalSection
EndGlobal
